PODS:
  - AWSCognito (2.4.7):
    - AWSCore (= 2.4.7)
  - AWSCognitoIdentityProvider (2.4.7):
    - AWSCore (= 2.4.7)
  - AWSCore (2.4.7)
  - AWSLambda (2.4.7):
    - AWSCore (= 2.4.7)

DEPENDENCIES:
  - AWSCognito
  - AWSCognitoIdentityProvider
  - AWSCore
  - AWSLambda

SPEC CHECKSUMS:
  AWSCognito: 6aa404f15d1eb2b4b51f45322a409257b3248e79
  AWSCognitoIdentityProvider: 2afc07e3e7b89738921845d7fe3369246a4358b9
  AWSCore: 9a729a3c0050a51ece3547d546c327acdac7838a
  AWSLambda: 10800dea35f48dc51164730b1c3d6b1a92a17487

PODFILE CHECKSUM: 14171a8e6f536fa07a575152a4f96ff83d4a6433

COCOAPODS: 1.0.1
